
Microsoft Visual Studio Solution File, Format Version 12.00
# Visual Studio Version 17
VisualStudioVersion = 17.2.32602.215
MinimumVisualStudioVersion = 10.0.40219.1
Project("{FAE04EC0-301F-11D3-BF4B-00C04F79EFBC}") = "ApiLearning.API", "ApiLearning.API\ApiLearning.API.csproj", "{33F7CDFE-4CAA-47DE-B2B4-2C3EC4423338}"
EndProject
Global
	GlobalSection(SolutionConfigurationPlatforms) = preSolution
		Debug|Any CPU = Debug|Any CPU
		Release|Any CPU = Release|Any CPU
	EndGlobalSection
	GlobalSection(ProjectConfigurationPlatforms) = postSolution
		{33F7CDFE-4CAA-47DE-B2B4-2C3EC4423338}.Debug|Any CPU.ActiveCfg = Debug|Any CPU
		{33F7CDFE-4CAA-47DE-B2B4-2C3EC4423338}.Debug|Any CPU.Build.0 = Debug|Any CPU
		{33F7CDFE-4CAA-47DE-B2B4-2C3EC4423338}.Release|Any CPU.ActiveCfg = Release|Any CPU
		{33F7CDFE-4CAA-47DE-B2B4-2C3EC4423338}.Release|Any CPU.Build.0 = Release|Any CPU
	EndGlobalSection
	GlobalSection(SolutionProperties) = preSolution
		HideSolutionNode = FALSE
	EndGlobalSection
	GlobalSection(ExtensibilityGlobals) = postSolution
		SolutionGuid = {886AEDFD-5D46-42CF-BA14-9907ECDAE379}
	EndGlobalSection
EndGlobal
